Microsoft Visual Studio Solution File, Format Version 12.00
# Visual Studio Version 17
VisualStudioVersion = 17.5.2.0
MinimumVisualStudioVersion = 10.0.40219.1
Project("{FAE04EC0-301F-11D3-BF4B-00C04F79EFBC}") = "solid_volume_finder", "solid_volume_finder.csproj", "{06899624-2153-F9C8-B466-0B5499CAC9BA}"
EndProject
Global
	GlobalSection(SolutionConfigurationPlatforms) = preSolution
		Debug|Any CPU = Debug|Any CPU
		Release|Any CPU = Release|Any CPU
	EndGlobalSection
	GlobalSection(ProjectConfigurationPlatforms) = postSolution
		{06899624-2153-F9C8-B466-0B5499CAC9BA}.Debug|Any CPU.ActiveCfg = Debug|Any CPU
		{06899624-2153-F9C8-B466-0B5499CAC9BA}.Debug|Any CPU.Build.0 = Debug|Any CPU
		{06899624-2153-F9C8-B466-0B5499CAC9BA}.Release|Any CPU.ActiveCfg = Release|Any CPU
		{06899624-2153-F9C8-B466-0B5499CAC9BA}.Release|Any CPU.Build.0 = Release|Any CPU
	EndGlobalSection
	GlobalSection(SolutionProperties) = preSolution
		HideSolutionNode = FALSE
	EndGlobalSection
	GlobalSection(ExtensibilityGlobals) = postSolution
		SolutionGuid = {D8F8C99C-7D49-4E82-AF05-4CD89A303217}
	EndGlobalSection
EndGlobal
